
Microsoft Visual Studio Solution File, Format Version 12.00
# Visual Studio Version 17
VisualStudioVersion = 17.14.36414.22 d17.14
MinimumVisualStudioVersion = 10.0.40219.1
Project("{FAE04EC0-301F-11D3-BF4B-00C04F79EFBC}") = "OpenAIMultiturn", "OpenAIMultiturn.csproj", "{6BE5ABEC-BEAF-9CF4-A98A-6C73FD961C90}"
EndProject
Project("{FAE04EC0-301F-11D3-BF4B-00C04F79EFBC}") = "Microsoft Agents A365Sdk.OpenAI", "..\..\sdk\Observability\OpenAI\KairoSdk.OpenAI.csproj", "{6F9A5336-A361-60FC-438D-51359D05651B}"
EndProject
Project("{FAE04EC0-301F-11D3-BF4B-00C04F79EFBC}") = "Microsoft.Agents.A365.Observability", "..\..\sdk\Observability\Microsoft.Agents.A365.Observability.csproj", "{5DD479D1-7165-6266-DAC9-F4911F5474AB}"
EndProject
Project("{FAE04EC0-301F-11D3-BF4B-00C04F79EFBC}") = "AgentNotification", "..\..\sdk\Notification\AgentNotification\AgentNotification.csproj", "{6308C271-9773-C6D4-2386-5AA9A2FD932E}"
EndProject
Global
	GlobalSection(SolutionConfigurationPlatforms) = preSolution
		Debug|Any CPU = Debug|Any CPU
		Release|Any CPU = Release|Any CPU
	EndGlobalSection
	GlobalSection(ProjectConfigurationPlatforms) = postSolution
		{6BE5ABEC-BEAF-9CF4-A98A-6C73FD961C90}.Debug|Any CPU.ActiveCfg = Debug|Any CPU
		{6BE5ABEC-BEAF-9CF4-A98A-6C73FD961C90}.Debug|Any CPU.Build.0 = Debug|Any CPU
		{6BE5ABEC-BEAF-9CF4-A98A-6C73FD961C90}.Release|Any CPU.ActiveCfg = Release|Any CPU
		{6BE5ABEC-BEAF-9CF4-A98A-6C73FD961C90}.Release|Any CPU.Build.0 = Release|Any CPU
		{6F9A5336-A361-60FC-438D-51359D05651B}.Debug|Any CPU.ActiveCfg = Debug|Any CPU
		{6F9A5336-A361-60FC-438D-51359D05651B}.Debug|Any CPU.Build.0 = Debug|Any CPU
		{6F9A5336-A361-60FC-438D-51359D05651B}.Release|Any CPU.ActiveCfg = Release|Any CPU
		{6F9A5336-A361-60FC-438D-51359D05651B}.Release|Any CPU.Build.0 = Release|Any CPU
		{5DD479D1-7165-6266-DAC9-F4911F5474AB}.Debug|Any CPU.ActiveCfg = Debug|Any CPU
		{5DD479D1-7165-6266-DAC9-F4911F5474AB}.Debug|Any CPU.Build.0 = Debug|Any CPU
		{5DD479D1-7165-6266-DAC9-F4911F5474AB}.Release|Any CPU.ActiveCfg = Release|Any CPU
		{5DD479D1-7165-6266-DAC9-F4911F5474AB}.Release|Any CPU.Build.0 = Release|Any CPU
		{6308C271-9773-C6D4-2386-5AA9A2FD932E}.Debug|Any CPU.ActiveCfg = Debug|Any CPU
		{6308C271-9773-C6D4-2386-5AA9A2FD932E}.Debug|Any CPU.Build.0 = Debug|Any CPU
		{6308C271-9773-C6D4-2386-5AA9A2FD932E}.Release|Any CPU.ActiveCfg = Release|Any CPU
		{6308C271-9773-C6D4-2386-5AA9A2FD932E}.Release|Any CPU.Build.0 = Release|Any CPU

	EndGlobalSection
	GlobalSection(SolutionProperties) = preSolution
		HideSolutionNode = FALSE
	EndGlobalSection
	GlobalSection(ExtensibilityGlobals) = postSolution
		SolutionGuid = {4BB18351-B926-45B2-918B-D5E337BA126F}
	EndGlobalSection
EndGlobal
