
Microsoft Visual Studio Solution File, Format Version 12.00
# Visual Studio Version 17
VisualStudioVersion = 17.14.36603.0 d17.14
MinimumVisualStudioVersion = 10.0.40219.1
Project("{FAE04EC0-301F-11D3-BF4B-00C04F79EFBC}") = "Microsoft.Agents.A365.Observability.Extensions.AgentFramework", "Microsoft.Agents.A365.Observability.Extensions.AgentFramework.csproj", "{52B008CC-CE71-EB70-4AEB-5B531EF44567}"
EndProject
Global
	GlobalSection(SolutionConfigurationPlatforms) = preSolution
		Debug|Any CPU = Debug|Any CPU
		Release|Any CPU = Release|Any CPU
	EndGlobalSection
	GlobalSection(ProjectConfigurationPlatforms) = postSolution
		{52B008CC-CE71-EB70-4AEB-5B531EF44567}.Debug|Any CPU.ActiveCfg = Debug|Any CPU
		{52B008CC-CE71-EB70-4AEB-5B531EF44567}.Debug|Any CPU.Build.0 = Debug|Any CPU
		{52B008CC-CE71-EB70-4AEB-5B531EF44567}.Release|Any CPU.ActiveCfg = Release|Any CPU
		{52B008CC-CE71-EB70-4AEB-5B531EF44567}.Release|Any CPU.Build.0 = Release|Any CPU
	EndGlobalSection
	GlobalSection(SolutionProperties) = preSolution
		HideSolutionNode = FALSE
	EndGlobalSection
	GlobalSection(ExtensibilityGlobals) = postSolution
		SolutionGuid = {D3A9B11E-7650-4994-87D5-9E2FE9130DE7}
	EndGlobalSection
EndGlobal
