
Microsoft Visual Studio Solution File, Format Version 12.00
# Visual Studio Version 17
VisualStudioVersion = 17.14.36429.23
MinimumVisualStudioVersion = 10.0.40219.1
Project("{FAE04EC0-301F-11D3-BF4B-00C04F79EFBC}") = "Microsoft.Agents.A365.Observability.Extensions.SemanticKernel", "Observability\Extensions\SemanticKernel\Microsoft.Agents.A365.Observability.Extensions.SemanticKernel.csproj", "{5F7CC289-B41F-48A3-A433-B1034CD68C2B}"
EndProject
Project("{FAE04EC0-301F-11D3-BF4B-00C04F79EFBC}") = "Microsoft.Agents.A365.Tooling.Extensions.SemanticKernel", "Tooling\Extensions\SemanticKernel\Microsoft.Agents.A365.Tooling.Extensions.SemanticKernel.csproj", "{A5161F55-DA53-46AD-A355-D502184B8754}"
EndProject
Project("{2150E333-8FDC-42A3-9474-1A3956D46DE8}") = "Tooling", "Tooling", "{02EA681E-C7D8-13C7-8484-4AC65E1B71E8}"
EndProject
Project("{FAE04EC0-301F-11D3-BF4B-00C04F79EFBC}") = "Microsoft.Agents.A365.Tooling", "Tooling\Core\Microsoft.Agents.A365.Tooling.csproj", "{0EDBEB54-6955-8703-E310-2C98177ED550}"
EndProject
Project("{FAE04EC0-301F-11D3-BF4B-00C04F79EFBC}") = "Microsoft.Agents.A365.Notifications", "Notification\Microsoft.Agents.A365.Notifications\Microsoft.Agents.A365.Notifications.csproj", "{2340D2E1-4860-9469-0000-B8A67A5DF2F5}"
EndProject
Project("{FAE04EC0-301F-11D3-BF4B-00C04F79EFBC}") = "Microsoft.Agents.A365.Observability.Extensions.OpenAI", "Observability\Extensions\OpenAI\Microsoft.Agents.A365.Observability.Extensions.OpenAI.csproj", "{E6979AD1-7171-A4FF-6E26-EF2B933E091F}"
EndProject
Project("{2150E333-8FDC-42A3-9474-1A3956D46DE8}") = "DevTools", "DevTools", "{3CEBF69D-0154-4DC1-808F-8F429D6D3B93}"
EndProject
Project("{2150E333-8FDC-42A3-9474-1A3956D46DE8}") = "Runtime", "Runtime", "{81CCAD4E-143F-45B2-9F12-EBD23F57BA8E}"
EndProject
Project("{2150E333-8FDC-42A3-9474-1A3956D46DE8}") = "Analyzer", "Analyzer", "{73BE1DB3-A16D-46EE-A72E-44AD38235010}"
EndProject
Project("{FAE04EC0-301F-11D3-BF4B-00C04F79EFBC}") = "Microsoft.Agents.A365.DevTools.Analyzer.SemanticKernel", "DevTools\Analyzer\Microsoft.Agents.A365.DevTools.Analyzer.SemanticKernel\Microsoft.Agents.A365.DevTools.Analyzer.SemanticKernel.csproj", "{41C0A4E7-3245-B872-A80F-01CD5A4D294F}"
EndProject
Project("{2150E333-8FDC-42A3-9474-1A3956D46DE8}") = "Observability", "Observability", "{8675CB1F-2D41-4AAA-A40C-8EE2A37B64E4}"
EndProject
Project("{2150E333-8FDC-42A3-9474-1A3956D46DE8}") = "SemanticKernel", "SemanticKernel", "{57BB42BE-33AA-41BB-8B6D-5587BBF6F3DC}"
EndProject
Project("{2150E333-8FDC-42A3-9474-1A3956D46DE8}") = "OpenAI", "OpenAI", "{9AF47BAC-31DF-4B49-9EB7-99AD1A7F6716}"
EndProject
Project("{2150E333-8FDC-42A3-9474-1A3956D46DE8}") = "Notification", "Notification", "{788C59A5-FB9C-4D9B-B488-6139861EC9F1}"
EndProject
Project("{FAE04EC0-301F-11D3-BF4B-00C04F79EFBC}") = "Microsoft.Agents.A365.Observability", "Observability\Core\Microsoft.Agents.A365.Observability.csproj", "{54A6BAEB-1C35-BC98-19DA-DB5286001976}"
EndProject
Project("{FAE04EC0-301F-11D3-BF4B-00C04F79EFBC}") = "Microsoft.Agents.A365.DevTools.Analyzer.OpenAI", "DevTools\Analyzer\Microsoft.Agents.A365.DevTools.Analyzer.OpenAI\Microsoft.Agents.A365.DevTools.Analyzer.OpenAI.csproj", "{D1B44933-24D6-B70D-B308-D492094E5D00}"
EndProject
Project("{2150E333-8FDC-42A3-9474-1A3956D46DE8}") = "Tests", "Tests", "{2150E333-8FDC-42A3-9474-1A3956D46DE8}"
EndProject
Project("{9A19103F-16F7-4668-BE54-9A1E7A4F7556}") = "Microsoft.Agents.A365.DevTools.Analyzer.OpenAI.Tests", "Tests\DevTools.Analyzer.OpenAI.Tests\Microsoft.Agents.A365.DevTools.Analyzer.OpenAI.Tests.csproj", "{5DB27A86-B1C3-4A19-B5DC-A0C2A6F50F18}"
EndProject
Project("{9A19103F-16F7-4668-BE54-9A1E7A4F7556}") = "Microsoft.Agents.A365.DevTools.Analyzer.SemanticKernel.Tests", "Tests\DevTools.Analyzer.SemanticKernel.Tests\Microsoft.Agents.A365.DevTools.Analyzer.SemanticKernel.Tests.csproj", "{80D15E1F-1F25-4F4A-8D1F-C9A5D8B7A9B0}"
EndProject
Project("{9A19103F-16F7-4668-BE54-9A1E7A4F7556}") = "Microsoft.Agents.A365.Observability.Tests", "Tests\Observability.Tests\Microsoft.Agents.A365.Observability.Tests.csproj", "{A2B3C4D5-E6F7-4889-9AAB-1234567890BC}"
EndProject
Project("{9A19103F-16F7-4668-BE54-9A1E7A4F7556}") = "Microsoft.Agents.A365.Observability.Runtime.Tests", "Tests\Microsoft.Agents.A365.Observability.Runtime.Tests\Microsoft.Agents.A365.Observability.Runtime.Tests.csproj", "{B3C4D5E6-F7A8-4B9C-0D1E-2F3041526374}"
EndProject
Project("{9A19103F-16F7-4668-BE54-9A1E7A4F7556}") = "Microsoft.Agents.A365.Runtime.Tests", "Tests\Runtime.Tests\Microsoft.Agents.A365.Runtime.Tests.csproj", "{7A8B9C0D-1E2F-4030-5142-6789ABCDEF01}"
EndProject
Project("{FAE04EC0-301F-11D3-BF4B-00C04F79EFBC}") = "Microsoft.Agents.A365.Tooling.Extensions.AzureFoundry", "Tooling\Extensions\AzureFoundry\Microsoft.Agents.A365.Tooling.Extensions.AzureFoundry.csproj", "{C5A0294B-784B-456F-8C1A-A3FF4BB4C678}"
EndProject
Project("{2150E333-8FDC-42A3-9474-1A3956D46DE8}") = "Extensions", "Extensions", "{715DDBDC-9E00-40A7-AC63-654F609903C2}"
EndProject
Project("{2150E333-8FDC-42A3-9474-1A3956D46DE8}") = "Extensions", "Extensions", "{89AD1AA2-300A-483A-832E-9047201DD2BC}"
EndProject
Project("{2150E333-8FDC-42A3-9474-1A3956D46DE8}") = "AzureFoundry", "AzureFoundry", "{516CB904-1318-4C78-8EAB-7A56AB1A5EDF}"
EndProject
Project("{2150E333-8FDC-42A3-9474-1A3956D46DE8}") = "SemanticKernel", "SemanticKernel", "{407C231E-438A-462B-8559-65A71551BD8B}"
EndProject
Project("{FAE04EC0-301F-11D3-BF4B-00C04F79EFBC}") = "Microsoft.Agents.A365.Runtime", "Runtime\Core\Microsoft.Agents.A365.Runtime.csproj", "{CAD1967A-4732-6CEA-73A3-2FCA58BA3F93}"
EndProject
Project("{FAE04EC0-301F-11D3-BF4B-00C04F79EFBC}") = "Microsoft.Agents.A365.Observability.Runtime", "Observability\Runtime\Microsoft.Agents.A365.Observability.Runtime.csproj", "{23E78D75-FC06-443F-B34E-EA8BC567ED64}"
EndProject
Project("{FAE04EC0-301F-11D3-BF4B-00C04F79EFBC}") = "Microsoft.Agents.A365.Observability.Hosting", "Observability\Hosting\Microsoft.Agents.A365.Observability.Hosting.csproj", "{3DA88459-22AC-4257-73ED-A0C042353C7C}"
EndProject
Project("{9A19103F-16F7-4668-BE54-9A1E7A4F7556}") = "Microsoft.Agents.A365.Observability.Hosting.Tests", "Tests\Microsoft.Agents.A365.Observability.Hosting.Tests\Microsoft.Agents.A365.Observability.Hosting.Tests.csproj", "{29B073D4-742B-7FC7-9C25-46CEDC132021}"
EndProject
Project("{2150E333-8FDC-42A3-9474-1A3956D46DE8}") = "Hosting", "Hosting", "{55BC8A20-8A50-4A6C-9649-884375774673}"
EndProject
Project("{2150E333-8FDC-42A3-9474-1A3956D46DE8}") = "Runtime", "Runtime", "{7ABD3B28-FB9A-41D6-8D21-4CBFC18B3451}"
EndProject
Project("{2150E333-8FDC-42A3-9474-1A3956D46DE8}") = "AgentFramework", "AgentFramework", "{78E49660-FC50-4CC6-8391-7F857F5CCB6F}"
EndProject
Project("{FAE04EC0-301F-11D3-BF4B-00C04F79EFBC}") = "Microsoft.Agents.A365.Observability.Extensions.AgentFramework", "Observability\Extensions\AgentFramework\Microsoft.Agents.A365.Observability.Extensions.AgentFramework.csproj", "{05AD60B6-0E5A-F382-A03E-8805B36ED6B8}"
EndProject
Global
	GlobalSection(SolutionConfigurationPlatforms) = preSolution
		Debug|Any CPU = Debug|Any CPU
		Release|Any CPU = Release|Any CPU
	EndGlobalSection
	GlobalSection(ProjectConfigurationPlatforms) = postSolution
		{5F7CC289-B41F-48A3-A433-B1034CD68C2B}.Debug|Any CPU.ActiveCfg = Debug|Any CPU
		{5F7CC289-B41F-48A3-A433-B1034CD68C2B}.Debug|Any CPU.Build.0 = Debug|Any CPU
		{5F7CC289-B41F-48A3-A433-B1034CD68C2B}.Release|Any CPU.ActiveCfg = Release|Any CPU
		{5F7CC289-B41F-48A3-A433-B1034CD68C2B}.Release|Any CPU.Build.0 = Release|Any CPU
		{A5161F55-DA53-46AD-A355-D502184B8754}.Debug|Any CPU.ActiveCfg = Debug|Any CPU
		{A5161F55-DA53-46AD-A355-D502184B8754}.Debug|Any CPU.Build.0 = Debug|Any CPU
		{A5161F55-DA53-46AD-A355-D502184B8754}.Release|Any CPU.ActiveCfg = Release|Any CPU
		{A5161F55-DA53-46AD-A355-D502184B8754}.Release|Any CPU.Build.0 = Release|Any CPU
		{0EDBEB54-6955-8703-E310-2C98177ED550}.Debug|Any CPU.ActiveCfg = Debug|Any CPU
		{0EDBEB54-6955-8703-E310-2C98177ED550}.Debug|Any CPU.Build.0 = Debug|Any CPU
		{0EDBEB54-6955-8703-E310-2C98177ED550}.Release|Any CPU.ActiveCfg = Release|Any CPU
		{0EDBEB54-6955-8703-E310-2C98177ED550}.Release|Any CPU.Build.0 = Release|Any CPU
		{2340D2E1-4860-9469-0000-B8A67A5DF2F5}.Debug|Any CPU.ActiveCfg = Debug|Any CPU
		{2340D2E1-4860-9469-0000-B8A67A5DF2F5}.Debug|Any CPU.Build.0 = Debug|Any CPU
		{2340D2E1-4860-9469-0000-B8A67A5DF2F5}.Release|Any CPU.ActiveCfg = Release|Any CPU
		{2340D2E1-4860-9469-0000-B8A67A5DF2F5}.Release|Any CPU.Build.0 = Release|Any CPU
		{E6979AD1-7171-A4FF-6E26-EF2B933E091F}.Debug|Any CPU.ActiveCfg = Debug|Any CPU
		{E6979AD1-7171-A4FF-6E26-EF2B933E091F}.Debug|Any CPU.Build.0 = Debug|Any CPU
		{E6979AD1-7171-A4FF-6E26-EF2B933E091F}.Release|Any CPU.ActiveCfg = Release|Any CPU
		{E6979AD1-7171-A4FF-6E26-EF2B933E091F}.Release|Any CPU.Build.0 = Release|Any CPU
		{41C0A4E7-3245-B872-A80F-01CD5A4D294F}.Debug|Any CPU.ActiveCfg = Debug|Any CPU
		{41C0A4E7-3245-B872-A80F-01CD5A4D294F}.Debug|Any CPU.Build.0 = Debug|Any CPU
		{41C0A4E7-3245-B872-A80F-01CD5A4D294F}.Release|Any CPU.ActiveCfg = Release|Any CPU
		{41C0A4E7-3245-B872-A80F-01CD5A4D294F}.Release|Any CPU.Build.0 = Release|Any CPU
		{54A6BAEB-1C35-BC98-19DA-DB5286001976}.Debug|Any CPU.ActiveCfg = Debug|Any CPU
		{54A6BAEB-1C35-BC98-19DA-DB5286001976}.Debug|Any CPU.Build.0 = Debug|Any CPU
		{54A6BAEB-1C35-BC98-19DA-DB5286001976}.Release|Any CPU.ActiveCfg = Release|Any CPU
		{54A6BAEB-1C35-BC98-19DA-DB5286001976}.Release|Any CPU.Build.0 = Release|Any CPU
		{D1B44933-24D6-B70D-B308-D492094E5D00}.Debug|Any CPU.ActiveCfg = Debug|Any CPU
		{D1B44933-24D6-B70D-B308-D492094E5D00}.Debug|Any CPU.Build.0 = Debug|Any CPU
		{D1B44933-24D6-B70D-B308-D492094E5D00}.Release|Any CPU.ActiveCfg = Release|Any CPU
		{D1B44933-24D6-B70D-B308-D492094E5D00}.Release|Any CPU.Build.0 = Release|Any CPU
		{5DB27A86-B1C3-4A19-B5DC-A0C2A6F50F18}.Debug|Any CPU.ActiveCfg = Debug|Any CPU
		{5DB27A86-B1C3-4A19-B5DC-A0C2A6F50F18}.Debug|Any CPU.Build.0 = Debug|Any CPU
		{5DB27A86-B1C3-4A19-B5DC-A0C2A6F50F18}.Release|Any CPU.ActiveCfg = Release|Any CPU
		{5DB27A86-B1C3-4A19-B5DC-A0C2A6F50F18}.Release|Any CPU.Build.0 = Release|Any CPU
		{80D15E1F-1F25-4F4A-8D1F-C9A5D8B7A9B0}.Debug|Any CPU.ActiveCfg = Debug|Any CPU
		{80D15E1F-1F25-4F4A-8D1F-C9A5D8B7A9B0}.Debug|Any CPU.Build.0 = Debug|Any CPU
		{80D15E1F-1F25-4F4A-8D1F-C9A5D8B7A9B0}.Release|Any CPU.ActiveCfg = Release|Any CPU
		{80D15E1F-1F25-4F4A-8D1F-C9A5D8B7A9B0}.Release|Any CPU.Build.0 = Release|Any CPU
		{A2B3C4D5-E6F7-4889-9AAB-1234567890BC}.Debug|Any CPU.ActiveCfg = Debug|Any CPU
		{A2B3C4D5-E6F7-4889-9AAB-1234567890BC}.Debug|Any CPU.Build.0 = Debug|Any CPU
		{A2B3C4D5-E6F7-4889-9AAB-1234567890BC}.Release|Any CPU.ActiveCfg = Release|Any CPU
		{A2B3C4D5-E6F7-4889-9AAB-1234567890BC}.Release|Any CPU.Build.0 = Release|Any CPU
		{B3C4D5E6-F7A8-4B9C-0D1E-2F3041526374}.Debug|Any CPU.ActiveCfg = Debug|Any CPU
		{B3C4D5E6-F7A8-4B9C-0D1E-2F3041526374}.Debug|Any CPU.Build.0 = Debug|Any CPU
		{B3C4D5E6-F7A8-4B9C-0D1E-2F3041526374}.Release|Any CPU.ActiveCfg = Release|Any CPU
		{B3C4D5E6-F7A8-4B9C-0D1E-2F3041526374}.Release|Any CPU.Build.0 = Release|Any CPU
		{7A8B9C0D-1E2F-4030-5142-6789ABCDEF01}.Debug|Any CPU.ActiveCfg = Debug|Any CPU
		{7A8B9C0D-1E2F-4030-5142-6789ABCDEF01}.Debug|Any CPU.Build.0 = Debug|Any CPU
		{7A8B9C0D-1E2F-4030-5142-6789ABCDEF01}.Release|Any CPU.ActiveCfg = Release|Any CPU
		{7A8B9C0D-1E2F-4030-5142-6789ABCDEF01}.Release|Any CPU.Build.0 = Release|Any CPU
		{C5A0294B-784B-456F-8C1A-A3FF4BB4C678}.Debug|Any CPU.ActiveCfg = Debug|Any CPU
		{C5A0294B-784B-456F-8C1A-A3FF4BB4C678}.Debug|Any CPU.Build.0 = Debug|Any CPU
		{C5A0294B-784B-456F-8C1A-A3FF4BB4C678}.Release|Any CPU.ActiveCfg = Release|Any CPU
		{C5A0294B-784B-456F-8C1A-A3FF4BB4C678}.Release|Any CPU.Build.0 = Release|Any CPU
		{CAD1967A-4732-6CEA-73A3-2FCA58BA3F93}.Debug|Any CPU.ActiveCfg = Debug|Any CPU
		{CAD1967A-4732-6CEA-73A3-2FCA58BA3F93}.Debug|Any CPU.Build.0 = Debug|Any CPU
		{CAD1967A-4732-6CEA-73A3-2FCA58BA3F93}.Release|Any CPU.ActiveCfg = Release|Any CPU
		{CAD1967A-4732-6CEA-73A3-2FCA58BA3F93}.Release|Any CPU.Build.0 = Release|Any CPU
		{23E78D75-FC06-443F-B34E-EA8BC567ED64}.Debug|Any CPU.ActiveCfg = Debug|Any CPU
		{23E78D75-FC06-443F-B34E-EA8BC567ED64}.Debug|Any CPU.Build.0 = Debug|Any CPU
		{23E78D75-FC06-443F-B34E-EA8BC567ED64}.Release|Any CPU.ActiveCfg = Release|Any CPU
		{23E78D75-FC06-443F-B34E-EA8BC567ED64}.Release|Any CPU.Build.0 = Release|Any CPU
		{3DA88459-22AC-4257-73ED-A0C042353C7C}.Debug|Any CPU.ActiveCfg = Debug|Any CPU
		{3DA88459-22AC-4257-73ED-A0C042353C7C}.Debug|Any CPU.Build.0 = Debug|Any CPU
		{3DA88459-22AC-4257-73ED-A0C042353C7C}.Release|Any CPU.ActiveCfg = Release|Any CPU
		{3DA88459-22AC-4257-73ED-A0C042353C7C}.Release|Any CPU.Build.0 = Release|Any CPU
		{29B073D4-742B-7FC7-9C25-46CEDC132021}.Debug|Any CPU.ActiveCfg = Debug|Any CPU
		{29B073D4-742B-7FC7-9C25-46CEDC132021}.Debug|Any CPU.Build.0 = Debug|Any CPU
		{29B073D4-742B-7FC7-9C25-46CEDC132021}.Release|Any CPU.ActiveCfg = Release|Any CPU
		{29B073D4-742B-7FC7-9C25-46CEDC132021}.Release|Any CPU.Build.0 = Release|Any CPU
		{05AD60B6-0E5A-F382-A03E-8805B36ED6B8}.Debug|Any CPU.ActiveCfg = Debug|Any CPU
		{05AD60B6-0E5A-F382-A03E-8805B36ED6B8}.Debug|Any CPU.Build.0 = Debug|Any CPU
		{05AD60B6-0E5A-F382-A03E-8805B36ED6B8}.Release|Any CPU.ActiveCfg = Release|Any CPU
		{05AD60B6-0E5A-F382-A03E-8805B36ED6B8}.Release|Any CPU.Build.0 = Release|Any CPU
	EndGlobalSection
	GlobalSection(SolutionProperties) = preSolution
		HideSolutionNode = FALSE
	EndGlobalSection
	GlobalSection(NestedProjects) = preSolution
		{5F7CC289-B41F-48A3-A433-B1034CD68C2B} = {57BB42BE-33AA-41BB-8B6D-5587BBF6F3DC}
		{A5161F55-DA53-46AD-A355-D502184B8754} = {407C231E-438A-462B-8559-65A71551BD8B}
		{0EDBEB54-6955-8703-E310-2C98177ED550} = {02EA681E-C7D8-13C7-8484-4AC65E1B71E8}
		{2340D2E1-4860-9469-0000-B8A67A5DF2F5} = {788C59A5-FB9C-4D9B-B488-6139861EC9F1}
		{E6979AD1-7171-A4FF-6E26-EF2B933E091F} = {9AF47BAC-31DF-4B49-9EB7-99AD1A7F6716}
		{73BE1DB3-A16D-46EE-A72E-44AD38235010} = {3CEBF69D-0154-4DC1-808F-8F429D6D3B93}
		{41C0A4E7-3245-B872-A80F-01CD5A4D294F} = {73BE1DB3-A16D-46EE-A72E-44AD38235010}
		{57BB42BE-33AA-41BB-8B6D-5587BBF6F3DC} = {715DDBDC-9E00-40A7-AC63-654F609903C2}
		{9AF47BAC-31DF-4B49-9EB7-99AD1A7F6716} = {715DDBDC-9E00-40A7-AC63-654F609903C2}
		{54A6BAEB-1C35-BC98-19DA-DB5286001976} = {8675CB1F-2D41-4AAA-A40C-8EE2A37B64E4}
		{D1B44933-24D6-B70D-B308-D492094E5D00} = {73BE1DB3-A16D-46EE-A72E-44AD38235010}
		{5DB27A86-B1C3-4A19-B5DC-A0C2A6F50F18} = {2150E333-8FDC-42A3-9474-1A3956D46DE8}
		{80D15E1F-1F25-4F4A-8D1F-C9A5D8B7A9B0} = {2150E333-8FDC-42A3-9474-1A3956D46DE8}
		{A2B3C4D5-E6F7-4889-9AAB-1234567890BC} = {2150E333-8FDC-42A3-9474-1A3956D46DE8}
		{B3C4D5E6-F7A8-4B9C-0D1E-2F3041526374} = {2150E333-8FDC-42A3-9474-1A3956D46DE8}
		{7A8B9C0D-1E2F-4030-5142-6789ABCDEF01} = {2150E333-8FDC-42A3-9474-1A3956D46DE8}
		{C5A0294B-784B-456F-8C1A-A3FF4BB4C678} = {516CB904-1318-4C78-8EAB-7A56AB1A5EDF}
		{715DDBDC-9E00-40A7-AC63-654F609903C2} = {8675CB1F-2D41-4AAA-A40C-8EE2A37B64E4}
		{89AD1AA2-300A-483A-832E-9047201DD2BC} = {02EA681E-C7D8-13C7-8484-4AC65E1B71E8}
		{516CB904-1318-4C78-8EAB-7A56AB1A5EDF} = {89AD1AA2-300A-483A-832E-9047201DD2BC}
		{407C231E-438A-462B-8559-65A71551BD8B} = {89AD1AA2-300A-483A-832E-9047201DD2BC}
		{CAD1967A-4732-6CEA-73A3-2FCA58BA3F93} = {81CCAD4E-143F-45B2-9F12-EBD23F57BA8E}
		{23E78D75-FC06-443F-B34E-EA8BC567ED64} = {7ABD3B28-FB9A-41D6-8D21-4CBFC18B3451}
		{3DA88459-22AC-4257-73ED-A0C042353C7C} = {55BC8A20-8A50-4A6C-9649-884375774673}
		{29B073D4-742B-7FC7-9C25-46CEDC132021} = {2150E333-8FDC-42A3-9474-1A3956D46DE8}
		{55BC8A20-8A50-4A6C-9649-884375774673} = {8675CB1F-2D41-4AAA-A40C-8EE2A37B64E4}
		{7ABD3B28-FB9A-41D6-8D21-4CBFC18B3451} = {8675CB1F-2D41-4AAA-A40C-8EE2A37B64E4}
		{78E49660-FC50-4CC6-8391-7F857F5CCB6F} = {715DDBDC-9E00-40A7-AC63-654F609903C2}
		{05AD60B6-0E5A-F382-A03E-8805B36ED6B8} = {78E49660-FC50-4CC6-8391-7F857F5CCB6F}
	EndGlobalSection
	GlobalSection(ExtensibilityGlobals) = postSolution
		SolutionGuid = {0B20062E-2453-4E32-B8A2-85A6013F83A0}
	EndGlobalSection
EndGlobal
